
Microsoft Visual Studio Solution File, Format Version 12.00
# Visual Studio Version 17
VisualStudioVersion = 17.3.32901.215
MinimumVisualStudioVersion = 10.0.40219.1
Project("{8BC9CEB8-8B4A-11D0-8D11-00A0C91BC942}") = "ConsoleApplication1", "ConsoleApplication1\ConsoleApplication1.vcxproj", "{8CA299AC-E079-4FDB-AE77-F2ACB9FA8468}"
EndProject
Project("{8BC9CEB8-8B4A-11D0-8D11-00A0C91BC942}") = "ConsoleApplication2", "ConsoleApplication2\ConsoleApplication2.vcxproj", "{6A881666-D0DF-41EE-BB06-68BC50DC7761}"
EndProject
Project("{8BC9CEB8-8B4A-11D0-8D11-00A0C91BC942}") = "ConsoleApplication3", "ConsoleApplication3\ConsoleApplication3.vcxproj", "{87D586CA-A63D-4E82-863A-F909416E052F}"
EndProject
Project("{8BC9CEB8-8B4A-11D0-8D11-00A0C91BC942}") = "ConsoleApplication4", "ConsoleApplication4\ConsoleApplication4.vcxproj", "{2A1100AB-A1B0-45C2-9162-9D7BC6D3CF54}"
EndProject
Project("{8BC9CEB8-8B4A-11D0-8D11-00A0C91BC942}") = "JsonApp", "JsonApp\JsonApp.vcxproj", "{CD6EDCDF-0D31-4081-B491-6E209AC4D5C9}"
EndProject
Global
	GlobalSection(SolutionConfigurationPlatforms) = preSolution
		Debug|x64 = Debug|x64
		Debug|x86 = Debug|x86
		Release|x64 = Release|x64
		Release|x86 = Release|x86
	EndGlobalSection
	GlobalSection(ProjectConfigurationPlatforms) = postSolution
		{8CA299AC-E079-4FDB-AE77-F2ACB9FA8468}.Debug|x64.ActiveCfg = Debug|x64
		{8CA299AC-E079-4FDB-AE77-F2ACB9FA8468}.Debug|x64.Build.0 = Debug|x64
		{8CA299AC-E079-4FDB-AE77-F2ACB9FA8468}.Debug|x86.ActiveCfg = Debug|Win32
		{8CA299AC-E079-4FDB-AE77-F2ACB9FA8468}.Debug|x86.Build.0 = Debug|Win32
		{8CA299AC-E079-4FDB-AE77-F2ACB9FA8468}.Release|x64.ActiveCfg = Release|x64
		{8CA299AC-E079-4FDB-AE77-F2ACB9FA8468}.Release|x64.Build.0 = Release|x64
		{8CA299AC-E079-4FDB-AE77-F2ACB9FA8468}.Release|x86.ActiveCfg = Release|Win32
		{8CA299AC-E079-4FDB-AE77-F2ACB9FA8468}.Release|x86.Build.0 = Release|Win32
		{6A881666-D0DF-41EE-BB06-68BC50DC7761}.Debug|x64.ActiveCfg = Debug|x64
		{6A881666-D0DF-41EE-BB06-68BC50DC7761}.Debug|x64.Build.0 = Debug|x64
		{6A881666-D0DF-41EE-BB06-68BC50DC7761}.Debug|x86.ActiveCfg = Debug|Win32
		{6A881666-D0DF-41EE-BB06-68BC50DC7761}.Debug|x86.Build.0 = Debug|Win32
		{6A881666-D0DF-41EE-BB06-68BC50DC7761}.Release|x64.ActiveCfg = Release|x64
		{6A881666-D0DF-41EE-BB06-68BC50DC7761}.Release|x64.Build.0 = Release|x64
		{6A881666-D0DF-41EE-BB06-68BC50DC7761}.Release|x86.ActiveCfg = Release|Win32
		{6A881666-D0DF-41EE-BB06-68BC50DC7761}.Release|x86.Build.0 = Release|Win32
		{87D586CA-A63D-4E82-863A-F909416E052F}.Debug|x64.ActiveCfg = Debug|x64
		{87D586CA-A63D-4E82-863A-F909416E052F}.Debug|x64.Build.0 = Debug|x64
		{87D586CA-A63D-4E82-863A-F909416E052F}.Debug|x86.ActiveCfg = Debug|Win32
		{87D586CA-A63D-4E82-863A-F909416E052F}.Debug|x86.Build.0 = Debug|Win32
		{87D586CA-A63D-4E82-863A-F909416E052F}.Release|x64.ActiveCfg = Release|x64
		{87D586CA-A63D-4E82-863A-F909416E052F}.Release|x64.Build.0 = Release|x64
		{87D586CA-A63D-4E82-863A-F909416E052F}.Release|x86.ActiveCfg = Release|Win32
		{87D586CA-A63D-4E82-863A-F909416E052F}.Release|x86.Build.0 = Release|Win32
		{2A1100AB-A1B0-45C2-9162-9D7BC6D3CF54}.Debug|x64.ActiveCfg = Debug|x64
		{2A1100AB-A1B0-45C2-9162-9D7BC6D3CF54}.Debug|x64.Build.0 = Debug|x64
		{2A1100AB-A1B0-45C2-9162-9D7BC6D3CF54}.Debug|x86.ActiveCfg = Debug|Win32
		{2A1100AB-A1B0-45C2-9162-9D7BC6D3CF54}.Debug|x86.Build.0 = Debug|Win32
		{2A1100AB-A1B0-45C2-9162-9D7BC6D3CF54}.Release|x64.ActiveCfg = Release|x64
		{2A1100AB-A1B0-45C2-9162-9D7BC6D3CF54}.Release|x64.Build.0 = Release|x64
		{2A1100AB-A1B0-45C2-9162-9D7BC6D3CF54}.Release|x86.ActiveCfg = Release|Win32
		{2A1100AB-A1B0-45C2-9162-9D7BC6D3CF54}.Release|x86.Build.0 = Release|Win32
		{CD6EDCDF-0D31-4081-B491-6E209AC4D5C9}.Debug|x64.ActiveCfg = Debug|x64
		{CD6EDCDF-0D31-4081-B491-6E209AC4D5C9}.Debug|x64.Build.0 = Debug|x64
		{CD6EDCDF-0D31-4081-B491-6E209AC4D5C9}.Debug|x86.ActiveCfg = Debug|Win32
		{CD6EDCDF-0D31-4081-B491-6E209AC4D5C9}.Debug|x86.Build.0 = Debug|Win32
		{CD6EDCDF-0D31-4081-B491-6E209AC4D5C9}.Release|x64.ActiveCfg = Release|x64
		{CD6EDCDF-0D31-4081-B491-6E209AC4D5C9}.Release|x64.Build.0 = Release|x64
		{CD6EDCDF-0D31-4081-B491-6E209AC4D5C9}.Release|x86.ActiveCfg = Release|Win32
		{CD6EDCDF-0D31-4081-B491-6E209AC4D5C9}.Release|x86.Build.0 = Release|Win32
	EndGlobalSection
	GlobalSection(SolutionProperties) = preSolution
		HideSolutionNode = FALSE
	EndGlobalSection
	GlobalSection(ExtensibilityGlobals) = postSolution
		SolutionGuid = {DAD52F0A-4D40-4A55-BAC1-FC185613CFB6}
	EndGlobalSection
EndGlobal
